// !$*UTF8*$!
{
	archiveVersion = 1;
	classes = {
	};
	objectVersion = 51;
	objects = {

/* Begin PBXBuildFile section */
		262B8C0B24C89278001EF1E0 /* ResultViewController.m in Sources */ = {isa = PBXBuildFile; fileRef = 262B8C0A24C89278001EF1E0 /* ResultViewController.m */; };
		262B8C1424C89326001EF1E0 /* HKNavigationController.m in Sources */ = {isa = PBXBuildFile; fileRef = 262B8C1324C89326001EF1E0 /* HKNavigationController.m */; };
		262B8C1724C895D6001EF1E0 /* UIImage+category.m in Sources */ = {isa = PBXBuildFile; fileRef = 262B8C1624C895D6001EF1E0 /* UIImage+category.m */; };
		262B8C1A24C8979F001EF1E0 /* HKTestSearchController.m in Sources */ = {isa = PBXBuildFile; fileRef = 262B8C1924C8979F001EF1E0 /* HKTestSearchController.m */; };
		262E7561277A15D1008CF8F5 /* HKTestSwift.swift in Sources */ = {isa = PBXBuildFile; fileRef = 262E7560277A15D1008CF8F5 /* HKTestSwift.swift */; };
		262E7564277A15F8008CF8F5 /* HKOCViewController.m in Sources */ = {isa = PBXBuildFile; fileRef = 262E7563277A15F8008CF8F5 /* HKOCViewController.m */; };
		262E7566277A160C008CF8F5 /* HKSwiftViewController.swift in Sources */ = {isa = PBXBuildFile; fileRef = 262E7565277A160C008CF8F5 /* HKSwiftViewController.swift */; };
		2B0FA12A2085C8830041FBE2 /* AppDelegate.m in Sources */ = {isa = PBXBuildFile; fileRef = 2B0FA1292085C8830041FBE2 /* AppDelegate.m */; };
		2B0FA1302085C8830041FBE2 /* Main.storyboard in Resources */ = {isa = PBXBuildFile; fileRef = 2B0FA12E2085C8830041FBE2 /* Main.storyboard */; };
		2B0FA1322085C8840041FBE2 /* Assets.xcassets in Resources */ = {isa = PBXBuildFile; fileRef = 2B0FA1312085C8840041FBE2 /* Assets.xcassets */; };
		2B0FA1352085C8840041FBE2 /* LaunchScreen.storyboard in Resources */ = {isa = PBXBuildFile; fileRef = 2B0FA1332085C8840041FBE2 /* LaunchScreen.storyboard */; };
		2B0FA1382085C8840041FBE2 /* main.m in Sources */ = {isa = PBXBuildFile; fileRef = 2B0FA1372085C8840041FBE2 /* main.m */; };
		2B86A6532086ECD40040A6F1 /* NormalViewController.m in Sources */ = {isa = PBXBuildFile; fileRef = 2B86A6522086ECD40040A6F1 /* NormalViewController.m */; };
		2B86A6562086ECE40040A6F1 /* ScrollViewController.m in Sources */ = {isa = PBXBuildFile; fileRef = 2B86A6552086ECE40040A6F1 /* ScrollViewController.m */; };
		2B86A6592086ECED0040A6F1 /* TableViewController.m in Sources */ = {isa = PBXBuildFile; fileRef = 2B86A6582086ECED0040A6F1 /* TableViewController.m */; };
		2B86A65C2086ECF60040A6F1 /* CollectionViewController.m in Sources */ = {isa = PBXBuildFile; fileRef = 2B86A65B2086ECF60040A6F1 /* CollectionViewController.m */; };
		2B86A65F2086ED650040A6F1 /* HKDefineTabBarController.m in Sources */ = {isa = PBXBuildFile; fileRef = 2B86A65E2086ED650040A6F1 /* HKDefineTabBarController.m */; };
		2B86A6672086EEF00040A6F1 /* ScorllView.m in Sources */ = {isa = PBXBuildFile; fileRef = 2B86A6662086EEF00040A6F1 /* ScorllView.m */; };
		2B86A66A2086F18B0040A6F1 /* TableView.m in Sources */ = {isa = PBXBuildFile; fileRef = 2B86A6692086F18B0040A6F1 /* TableView.m */; };
		2B86A66D2086F1950040A6F1 /* TableViewCell.m in Sources */ = {isa = PBXBuildFile; fileRef = 2B86A66C2086F1950040A6F1 /* TableViewCell.m */; };
		54BF5CEF29C7E86400820B8B /* YSCOperation.m in Sources */ = {isa = PBXBuildFile; fileRef = 54BF5CEE29C7E86400820B8B /* YSCOperation.m */; };
		54E322B529D057BB00E23DE1 /* HKLayoutDemoTests.m in Sources */ = {isa = PBXBuildFile; fileRef = 54E322B429D057BB00E23DE1 /* HKLayoutDemoTests.m */; };
		54E322C229D057D100E23DE1 /* HKLayoutDemoUITests.m in Sources */ = {isa = PBXBuildFile; fileRef = 54E322C129D057D100E23DE1 /* HKLayoutDemoUITests.m */; };
		54E322C429D057D100E23DE1 /* HKLayoutDemoUITestsLaunchTests.m in Sources */ = {isa = PBXBuildFile; fileRef = 54E322C329D057D100E23DE1 /* HKLayoutDemoUITestsLaunchTests.m */; };
		F6A7C683EF78C8DD1D2F4D81 /* libPods-HKLayoutDemo.a in Frameworks */ = {isa = PBXBuildFile; fileRef = A2626A78CC584C004AE77167 /* libPods-HKLayoutDemo.a */; };
/* End PBXBuildFile section */

/* Begin PBXContainerItemProxy section */
		54E322B629D057BB00E23DE1 /* PBXContainerItemProxy */ = {
			isa = PBXContainerItemProxy;
			containerPortal = 2B0FA11D2085C8830041FBE2 /* Project object */;
			proxyType = 1;
			remoteGlobalIDString = 2B0FA1242085C8830041FBE2;
			remoteInfo = HKLayoutDemo;
		};
		54E322C529D057D100E23DE1 /* PBXContainerItemProxy */ = {
			isa = PBXContainerItemProxy;
			containerPortal = 2B0FA11D2085C8830041FBE2 /* Project object */;
			proxyType = 1;
			remoteGlobalIDString = 2B0FA1242085C8830041FBE2;
			remoteInfo = HKLayoutDemo;
		};
/* End PBXContainerItemProxy section */

/* Begin PBXCopyFilesBuildPhase section */
		26BC3C78258260AD00E16830 /* Embed App Extensions */ = {
			isa = PBXCopyFilesBuildPhase;
			buildActionMask = 2147483647;
			dstPath = "";
			dstSubfolderSpec = 13;
			files = (
			);
			name = "Embed App Extensions";
			runOnlyForDeploymentPostprocessing = 0;
		};
/* End PBXCopyFilesBuildPhase section */

/* Begin PBXFileReference section */
		262B8C0924C89278001EF1E0 /* ResultViewController.h */ = {isa = PBXFileReference; lastKnownFileType = sourcecode.c.h; path = ResultViewController.h; sourceTree = "<group>"; };
		262B8C0A24C89278001EF1E0 /* ResultViewController.m */ = {isa = PBXFileReference; lastKnownFileType = sourcecode.c.objc; path = ResultViewController.m; sourceTree = "<group>"; };
		262B8C1224C89326001EF1E0 /* HKNavigationController.h */ = {isa = PBXFileReference; lastKnownFileType = sourcecode.c.h; path = HKNavigationController.h; sourceTree = "<group>"; };
		262B8C1324C89326001EF1E0 /* HKNavigationController.m */ = {isa = PBXFileReference; lastKnownFileType = sourcecode.c.objc; path = HKNavigationController.m; sourceTree = "<group>"; };
		262B8C1524C895D6001EF1E0 /* UIImage+category.h */ = {isa = PBXFileReference; fileEncoding = 4; lastKnownFileType = sourcecode.c.h; path = "UIImage+category.h"; sourceTree = "<group>"; };
		262B8C1624C895D6001EF1E0 /* UIImage+category.m */ = {isa = PBXFileReference; fileEncoding = 4; lastKnownFileType = sourcecode.c.objc; path = "UIImage+category.m"; sourceTree = "<group>"; };
		262B8C1824C8979F001EF1E0 /* HKTestSearchController.h */ = {isa = PBXFileReference; lastKnownFileType = sourcecode.c.h; path = HKTestSearchController.h; sourceTree = "<group>"; };
		262B8C1924C8979F001EF1E0 /* HKTestSearchController.m */ = {isa = PBXFileReference; lastKnownFileType = sourcecode.c.objc; path = HKTestSearchController.m; sourceTree = "<group>"; };
		262E755F277A15D1008CF8F5 /* HKLayoutDemo-Bridging-Header.h */ = {isa = PBXFileReference; lastKnownFileType = sourcecode.c.h; path = "HKLayoutDemo-Bridging-Header.h"; sourceTree = "<group>"; };
		262E7560277A15D1008CF8F5 /* HKTestSwift.swift */ = {isa = PBXFileReference; lastKnownFileType = sourcecode.swift; path = HKTestSwift.swift; sourceTree = "<group>"; };
		262E7562277A15F8008CF8F5 /* HKOCViewController.h */ = {isa = PBXFileReference; lastKnownFileType = sourcecode.c.h; path = HKOCViewController.h; sourceTree = "<group>"; };
		262E7563277A15F8008CF8F5 /* HKOCViewController.m */ = {isa = PBXFileReference; lastKnownFileType = sourcecode.c.objc; path = HKOCViewController.m; sourceTree = "<group>"; };
		262E7565277A160C008CF8F5 /* HKSwiftViewController.swift */ = {isa = PBXFileReference; lastKnownFileType = sourcecode.swift; path = HKSwiftViewController.swift; sourceTree = "<group>"; };
		26BC3C6B258260AD00E16830 /* WidgetKit.framework */ = {isa = PBXFileReference; lastKnownFileType = wrapper.framework; name = WidgetKit.framework; path = System/Library/Frameworks/WidgetKit.framework; sourceTree = SDKROOT; };
		26BC3C6D258260AD00E16830 /* SwiftUI.framework */ = {isa = PBXFileReference; lastKnownFileType = wrapper.framework; name = SwiftUI.framework; path = System/Library/Frameworks/SwiftUI.framework; sourceTree = SDKROOT; };
		2B0FA1252085C8830041FBE2 /* HKLayoutDemo.app */ = {isa = PBXFileReference; explicitFileType = wrapper.application; includeInIndex = 0; path = HKLayoutDemo.app; sourceTree = BUILT_PRODUCTS_DIR; };
		2B0FA1282085C8830041FBE2 /* AppDelegate.h */ = {isa = PBXFileReference; lastKnownFileType = sourcecode.c.h; path = AppDelegate.h; sourceTree = "<group>"; };
		2B0FA1292085C8830041FBE2 /* AppDelegate.m */ = {isa = PBXFileReference; lastKnownFileType = sourcecode.c.objc; path = AppDelegate.m; sourceTree = "<group>"; };
		2B0FA12F2085C8830041FBE2 /* Base */ = {isa = PBXFileReference; lastKnownFileType = file.storyboard; name = Base; path = Base.lproj/Main.storyboard; sourceTree = "<group>"; };
		2B0FA1312085C8840041FBE2 /* Assets.xcassets */ = {isa = PBXFileReference; lastKnownFileType = folder.assetcatalog; path = Assets.xcassets; sourceTree = "<group>"; };
		2B0FA1342085C8840041FBE2 /* Base */ = {isa = PBXFileReference; lastKnownFileType = file.storyboard; name = Base; path = Base.lproj/LaunchScreen.storyboard; sourceTree = "<group>"; };
		2B0FA1362085C8840041FBE2 /* Info.plist */ = {isa = PBXFileReference; lastKnownFileType = text.plist.xml; path = Info.plist; sourceTree = "<group>"; };
		2B0FA1372085C8840041FBE2 /* main.m */ = {isa = PBXFileReference; lastKnownFileType = sourcecode.c.objc; path = main.m; sourceTree = "<group>"; };
		2B86A6512086ECD40040A6F1 /* NormalViewController.h */ = {isa = PBXFileReference; lastKnownFileType = sourcecode.c.h; path = NormalViewController.h; sourceTree = "<group>"; };
		2B86A6522086ECD40040A6F1 /* NormalViewController.m */ = {isa = PBXFileReference; lastKnownFileType = sourcecode.c.objc; path = NormalViewController.m; sourceTree = "<group>"; };
		2B86A6542086ECE40040A6F1 /* ScrollViewController.h */ = {isa = PBXFileReference; lastKnownFileType = sourcecode.c.h; path = ScrollViewController.h; sourceTree = "<group>"; };
		2B86A6552086ECE40040A6F1 /* ScrollViewController.m */ = {isa = PBXFileReference; lastKnownFileType = sourcecode.c.objc; path = ScrollViewController.m; sourceTree = "<group>"; };
		2B86A6572086ECED0040A6F1 /* TableViewController.h */ = {isa = PBXFileReference; lastKnownFileType = sourcecode.c.h; path = TableViewController.h; sourceTree = "<group>"; };
		2B86A6582086ECED0040A6F1 /* TableViewController.m */ = {isa = PBXFileReference; lastKnownFileType = sourcecode.c.objc; path = TableViewController.m; sourceTree = "<group>"; };
		2B86A65A2086ECF60040A6F1 /* CollectionViewController.h */ = {isa = PBXFileReference; lastKnownFileType = sourcecode.c.h; path = CollectionViewController.h; sourceTree = "<group>"; };
		2B86A65B2086ECF60040A6F1 /* CollectionViewController.m */ = {isa = PBXFileReference; lastKnownFileType = sourcecode.c.objc; path = CollectionViewController.m; sourceTree = "<group>"; };
		2B86A65D2086ED650040A6F1 /* HKDefineTabBarController.h */ = {isa = PBXFileReference; fileEncoding = 4; lastKnownFileType = sourcecode.c.h; path = HKDefineTabBarController.h; sourceTree = "<group>"; };
		2B86A65E2086ED650040A6F1 /* HKDefineTabBarController.m */ = {isa = PBXFileReference; fileEncoding = 4; lastKnownFileType = sourcecode.c.objc; path = HKDefineTabBarController.m; sourceTree = "<group>"; };
		2B86A6652086EEF00040A6F1 /* ScorllView.h */ = {isa = PBXFileReference; lastKnownFileType = sourcecode.c.h; path = ScorllView.h; sourceTree = "<group>"; };
		2B86A6662086EEF00040A6F1 /* ScorllView.m */ = {isa = PBXFileReference; lastKnownFileType = sourcecode.c.objc; path = ScorllView.m; sourceTree = "<group>"; };
		2B86A6682086F18B0040A6F1 /* TableView.h */ = {isa = PBXFileReference; lastKnownFileType = sourcecode.c.h; path = TableView.h; sourceTree = "<group>"; };
		2B86A6692086F18B0040A6F1 /* TableView.m */ = {isa = PBXFileReference; lastKnownFileType = sourcecode.c.objc; path = TableView.m; sourceTree = "<group>"; };
		2B86A66B2086F1950040A6F1 /* TableViewCell.h */ = {isa = PBXFileReference; lastKnownFileType = sourcecode.c.h; path = TableViewCell.h; sourceTree = "<group>"; };
		2B86A66C2086F1950040A6F1 /* TableViewCell.m */ = {isa = PBXFileReference; lastKnownFileType = sourcecode.c.objc; path = TableViewCell.m; sourceTree = "<group>"; };
		54BF5CED29C7E86400820B8B /* YSCOperation.h */ = {isa = PBXFileReference; fileEncoding = 4; lastKnownFileType = sourcecode.c.h; path = YSCOperation.h; sourceTree = "<group>"; };
		54BF5CEE29C7E86400820B8B /* YSCOperation.m */ = {isa = PBXFileReference; fileEncoding = 4; lastKnownFileType = sourcecode.c.objc; path = YSCOperation.m; sourceTree = "<group>"; };
		54E322B229D057BB00E23DE1 /* HKLayoutDemoTests.xctest */ = {isa = PBXFileReference; explicitFileType = wrapper.cfbundle; includeInIndex = 0; path = HKLayoutDemoTests.xctest; sourceTree = BUILT_PRODUCTS_DIR; };
		54E322B429D057BB00E23DE1 /* HKLayoutDemoTests.m */ = {isa = PBXFileReference; lastKnownFileType = sourcecode.c.objc; path = HKLayoutDemoTests.m; sourceTree = "<group>"; };
		54E322BF29D057D100E23DE1 /* HKLayoutDemoUITests.xctest */ = {isa = PBXFileReference; explicitFileType = wrapper.cfbundle; includeInIndex = 0; path = HKLayoutDemoUITests.xctest; sourceTree = BUILT_PRODUCTS_DIR; };
		54E322C129D057D100E23DE1 /* HKLayoutDemoUITests.m */ = {isa = PBXFileReference; lastKnownFileType = sourcecode.c.objc; path = HKLayoutDemoUITests.m; sourceTree = "<group>"; };
		54E322C329D057D100E23DE1 /* HKLayoutDemoUITestsLaunchTests.m */ = {isa = PBXFileReference; lastKnownFileType = sourcecode.c.objc; path = HKLayoutDemoUITestsLaunchTests.m; sourceTree = "<group>"; };
		8DEFEAFA6B543A9E877376CC /* Pods-HKLayoutDemo.release.xcconfig */ = {isa = PBXFileReference; includeInIndex = 1; lastKnownFileType = text.xcconfig; name = "Pods-HKLayoutDemo.release.xcconfig"; path = "Target Support Files/Pods-HKLayoutDemo/Pods-HKLayoutDemo.release.xcconfig"; sourceTree = "<group>"; };
		A2626A78CC584C004AE77167 /* libPods-HKLayoutDemo.a */ = {isa = PBXFileReference; explicitFileType = archive.ar; includeInIndex = 0; path = "libPods-HKLayoutDemo.a"; sourceTree = BUILT_PRODUCTS_DIR; };
		C87248E0996C76D78594594C /* Pods-HKLayoutDemo.debug.xcconfig */ = {isa = PBXFileReference; includeInIndex = 1; lastKnownFileType = text.xcconfig; name = "Pods-HKLayoutDemo.debug.xcconfig"; path = "Target Support Files/Pods-HKLayoutDemo/Pods-HKLayoutDemo.debug.xcconfig"; sourceTree = "<group>"; };
/* End PBXFileReference section */

/* Begin PBXFrameworksBuildPhase section */
		2B0FA1222085C8830041FBE2 /* Frameworks */ = {
			isa = PBXFrameworksBuildPhase;
			buildActionMask = 2147483647;
			files = (
				F6A7C683EF78C8DD1D2F4D81 /* libPods-HKLayoutDemo.a in Frameworks */,
			);
			runOnlyForDeploymentPostprocessing = 0;
		};
		54E322AF29D057BB00E23DE1 /* Frameworks */ = {
			isa = PBXFrameworksBuildPhase;
			buildActionMask = 2147483647;
			files = (
			);
			runOnlyForDeploymentPostprocessing = 0;
		};
		54E322BC29D057D100E23DE1 /* Frameworks */ = {
			isa = PBXFrameworksBuildPhase;
			buildActionMask = 2147483647;
			files = (
			);
			runOnlyForDeploymentPostprocessing = 0;
		};
/* End PBXFrameworksBuildPhase section */

/* Begin PBXGroup section */
		2B0FA11C2085C8830041FBE2 = {
			isa = PBXGroup;
			children = (
				2B0FA1272085C8830041FBE2 /* HKLayoutDemo */,
				54E322B329D057BB00E23DE1 /* HKLayoutDemoTests */,
				54E322C029D057D100E23DE1 /* HKLayoutDemoUITests */,
				2B0FA1262085C8830041FBE2 /* Products */,
				9BDCAEA018B5DD98954FDA8E /* Pods */,
				C450E71AF98891C91CE0B8E9 /* Frameworks */,
			);
			sourceTree = "<group>";
		};
		2B0FA1262085C8830041FBE2 /* Products */ = {
			isa = PBXGroup;
			children = (
				2B0FA1252085C8830041FBE2 /* HKLayoutDemo.app */,
				54E322B229D057BB00E23DE1 /* HKLayoutDemoTests.xctest */,
				54E322BF29D057D100E23DE1 /* HKLayoutDemoUITests.xctest */,
			);
			name = Products;
			sourceTree = "<group>";
		};
		2B0FA1272085C8830041FBE2 /* HKLayoutDemo */ = {
			isa = PBXGroup;
			children = (
				2B0FA1282085C8830041FBE2 /* AppDelegate.h */,
				2B0FA1292085C8830041FBE2 /* AppDelegate.m */,
				2B86A65D2086ED650040A6F1 /* HKDefineTabBarController.h */,
				2B86A65E2086ED650040A6F1 /* HKDefineTabBarController.m */,
				262B8C1224C89326001EF1E0 /* HKNavigationController.h */,
				262B8C1324C89326001EF1E0 /* HKNavigationController.m */,
				262E7560277A15D1008CF8F5 /* HKTestSwift.swift */,
				262E7562277A15F8008CF8F5 /* HKOCViewController.h */,
				262E7563277A15F8008CF8F5 /* HKOCViewController.m */,
				262E7565277A160C008CF8F5 /* HKSwiftViewController.swift */,
				54BF5CEC29C7E84B00820B8B /* NSOperation */,
				2B86A6632086EE8E0040A6F1 /* Normal */,
				2B86A6622086EE880040A6F1 /* Scroll */,
				2B86A6612086EE7F0040A6F1 /* Table */,
				2B86A6602086EE6B0040A6F1 /* Collection */,
				2B0FA13E2085C8F00041FBE2 /* Supporting Files */,
				262E755F277A15D1008CF8F5 /* HKLayoutDemo-Bridging-Header.h */,
			);
			path = HKLayoutDemo;
			sourceTree = "<group>";
		};
		2B0FA13E2085C8F00041FBE2 /* Supporting Files */ = {
			isa = PBXGroup;
			children = (
				2B0FA12E2085C8830041FBE2 /* Main.storyboard */,
				2B0FA1312085C8840041FBE2 /* Assets.xcassets */,
				2B0FA1332085C8840041FBE2 /* LaunchScreen.storyboard */,
				2B0FA1362085C8840041FBE2 /* Info.plist */,
				2B0FA1372085C8840041FBE2 /* main.m */,
			);
			name = "Supporting Files";
			sourceTree = "<group>";
		};
		2B86A6602086EE6B0040A6F1 /* Collection */ = {
			isa = PBXGroup;
			children = (
				2B86A65A2086ECF60040A6F1 /* CollectionViewController.h */,
				2B86A65B2086ECF60040A6F1 /* CollectionViewController.m */,
			);
			name = Collection;
			sourceTree = "<group>";
		};
		2B86A6612086EE7F0040A6F1 /* Table */ = {
			isa = PBXGroup;
			children = (
				2B86A6572086ECED0040A6F1 /* TableViewController.h */,
				2B86A6582086ECED0040A6F1 /* TableViewController.m */,
				2B86A6682086F18B0040A6F1 /* TableView.h */,
				2B86A6692086F18B0040A6F1 /* TableView.m */,
				2B86A66B2086F1950040A6F1 /* TableViewCell.h */,
				2B86A66C2086F1950040A6F1 /* TableViewCell.m */,
			);
			name = Table;
			sourceTree = "<group>";
		};
		2B86A6622086EE880040A6F1 /* Scroll */ = {
			isa = PBXGroup;
			children = (
				2B86A6542086ECE40040A6F1 /* ScrollViewController.h */,
				2B86A6552086ECE40040A6F1 /* ScrollViewController.m */,
				2B86A6652086EEF00040A6F1 /* ScorllView.h */,
				2B86A6662086EEF00040A6F1 /* ScorllView.m */,
			);
			name = Scroll;
			sourceTree = "<group>";
		};
		2B86A6632086EE8E0040A6F1 /* Normal */ = {
			isa = PBXGroup;
			children = (
				2B86A6512086ECD40040A6F1 /* NormalViewController.h */,
				2B86A6522086ECD40040A6F1 /* NormalViewController.m */,
				262B8C1824C8979F001EF1E0 /* HKTestSearchController.h */,
				262B8C1924C8979F001EF1E0 /* HKTestSearchController.m */,
				262B8C0924C89278001EF1E0 /* ResultViewController.h */,
				262B8C0A24C89278001EF1E0 /* ResultViewController.m */,
				262B8C1524C895D6001EF1E0 /* UIImage+category.h */,
				262B8C1624C895D6001EF1E0 /* UIImage+category.m */,
			);
			name = Normal;
			sourceTree = "<group>";
		};
		54BF5CEC29C7E84B00820B8B /* NSOperation */ = {
			isa = PBXGroup;
			children = (
				54BF5CED29C7E86400820B8B /* YSCOperation.h */,
				54BF5CEE29C7E86400820B8B /* YSCOperation.m */,
			);
			path = NSOperation;
			sourceTree = "<group>";
		};
		54E322B329D057BB00E23DE1 /* HKLayoutDemoTests */ = {
			isa = PBXGroup;
			children = (
				54E322B429D057BB00E23DE1 /* HKLayoutDemoTests.m */,
			);
			path = HKLayoutDemoTests;
			sourceTree = "<group>";
		};
		54E322C029D057D100E23DE1 /* HKLayoutDemoUITests */ = {
			isa = PBXGroup;
			children = (
				54E322C129D057D100E23DE1 /* HKLayoutDemoUITests.m */,
				54E322C329D057D100E23DE1 /* HKLayoutDemoUITestsLaunchTests.m */,
			);
			path = HKLayoutDemoUITests;
			sourceTree = "<group>";
		};
		9BDCAEA018B5DD98954FDA8E /* Pods */ = {
			isa = PBXGroup;
			children = (
				C87248E0996C76D78594594C /* Pods-HKLayoutDemo.debug.xcconfig */,
				8DEFEAFA6B543A9E877376CC /* Pods-HKLayoutDemo.release.xcconfig */,
			);
			path = Pods;
			sourceTree = "<group>";
		};
		C450E71AF98891C91CE0B8E9 /* Frameworks */ = {
			isa = PBXGroup;
			children = (
				A2626A78CC584C004AE77167 /* libPods-HKLayoutDemo.a */,
				26BC3C6B258260AD00E16830 /* WidgetKit.framework */,
				26BC3C6D258260AD00E16830 /* SwiftUI.framework */,
			);
			name = Frameworks;
			sourceTree = "<group>";
		};
/* End PBXGroup section */

/* Begin PBXNativeTarget section */
		2B0FA1242085C8830041FBE2 /* HKLayoutDemo */ = {
			isa = PBXNativeTarget;
			buildConfigurationList = 2B0FA13B2085C8840041FBE2 /* Build configuration list for PBXNativeTarget "HKLayoutDemo" */;
			buildPhases = (
				F2825D97BA4805681FC3D84F /* [CP] Check Pods Manifest.lock */,
				2B0FA1212085C8830041FBE2 /* Sources */,
				2B0FA1222085C8830041FBE2 /* Frameworks */,
				2B0FA1232085C8830041FBE2 /* Resources */,
				0661A73EDE96079B9164D6DC /* [CP] Copy Pods Resources */,
				26BC3C78258260AD00E16830 /* Embed App Extensions */,
			);
			buildRules = (
			);
			dependencies = (
			);
			name = HKLayoutDemo;
			productName = HKLayoutDemo;
			productReference = 2B0FA1252085C8830041FBE2 /* HKLayoutDemo.app */;
			productType = "com.apple.product-type.application";
		};
		54E322B129D057BB00E23DE1 /* HKLayoutDemoTests */ = {
			isa = PBXNativeTarget;
			buildConfigurationList = 54E322BA29D057BB00E23DE1 /* Build configuration list for PBXNativeTarget "HKLayoutDemoTests" */;
			buildPhases = (
				54E322AE29D057BB00E23DE1 /* Sources */,
				54E322AF29D057BB00E23DE1 /* Frameworks */,
				54E322B029D057BB00E23DE1 /* Resources */,
			);
			buildRules = (
			);
			dependencies = (
				54E322B729D057BB00E23DE1 /* PBXTargetDependency */,
			);
			name = HKLayoutDemoTests;
			productName = HKLayoutDemoTests;
			productReference = 54E322B229D057BB00E23DE1 /* HKLayoutDemoTests.xctest */;
			productType = "com.apple.product-type.bundle.unit-test";
		};
		54E322BE29D057D100E23DE1 /* HKLayoutDemoUITests */ = {
			isa = PBXNativeTarget;
			buildConfigurationList = 54E322C729D057D100E23DE1 /* Build configuration list for PBXNativeTarget "HKLayoutDemoUITests" */;
			buildPhases = (
				54E322BB29D057D100E23DE1 /* Sources */,
				54E322BC29D057D100E23DE1 /* Frameworks */,
				54E322BD29D057D100E23DE1 /* Resources */,
			);
			buildRules = (
			);
			dependencies = (
				54E322C629D057D100E23DE1 /* PBXTargetDependency */,
			);
			name = HKLayoutDemoUITests;
			productName = HKLayoutDemoUITests;
			productReference = 54E322BF29D057D100E23DE1 /* HKLayoutDemoUITests.xctest */;
			productType = "com.apple.product-type.bundle.ui-testing";
		};
/* End PBXNativeTarget section */

/* Begin PBXProject section */
		2B0FA11D2085C8830041FBE2 /* Project object */ = {
			isa = PBXProject;
			attributes = {
				LastSwiftUpdateCheck = 1220;
				LastUpgradeCheck = 0930;
				ORGANIZATIONNAME = Edward;
				TargetAttributes = {
					2B0FA1242085C8830041FBE2 = {
						CreatedOnToolsVersion = 9.3;
						LastSwiftMigration = 1320;
					};
					54E322B129D057BB00E23DE1 = {
						CreatedOnToolsVersion = 14.2;
						TestTargetID = 2B0FA1242085C8830041FBE2;
					};
					54E322BE29D057D100E23DE1 = {
						CreatedOnToolsVersion = 14.2;
						TestTargetID = 2B0FA1242085C8830041FBE2;
					};
				};
			};
			buildConfigurationList = 2B0FA1202085C8830041FBE2 /* Build configuration list for PBXProject "HKLayoutDemo" */;
			compatibilityVersion = "Xcode 9.3";
			developmentRegion = en;
			hasScannedForEncodings = 0;
			knownRegions = (
				en,
				Base,
			);
			mainGroup = 2B0FA11C2085C8830041FBE2;
			productRefGroup = 2B0FA1262085C8830041FBE2 /* Products */;
			projectDirPath = "";
			projectRoot = "";
			targets = (
				2B0FA1242085C8830041FBE2 /* HKLayoutDemo */,
				54E322B129D057BB00E23DE1 /* HKLayoutDemoTests */,
				54E322BE29D057D100E23DE1 /* HKLayoutDemoUITests */,
			);
		};
/* End PBXProject section */

/* Begin PBXResourcesBuildPhase section */
		2B0FA1232085C8830041FBE2 /* Resources */ = {
			isa = PBXResourcesBuildPhase;
			buildActionMask = 2147483647;
			files = (
				2B0FA1352085C8840041FBE2 /* LaunchScreen.storyboard in Resources */,
				2B0FA1322085C8840041FBE2 /* Assets.xcassets in Resources */,
				2B0FA1302085C8830041FBE2 /* Main.storyboard in Resources */,
			);
			runOnlyForDeploymentPostprocessing = 0;
		};
		54E322B029D057BB00E23DE1 /* Resources */ = {
			isa = PBXResourcesBuildPhase;
			buildActionMask = 2147483647;
			files = (
			);
			runOnlyForDeploymentPostprocessing = 0;
		};
		54E322BD29D057D100E23DE1 /* Resources */ = {
			isa = PBXResourcesBuildPhase;
			buildActionMask = 2147483647;
			files = (
			);
			runOnlyForDeploymentPostprocessing = 0;
		};
/* End PBXResourcesBuildPhase section */

/* Begin PBXShellScriptBuildPhase section */
		0661A73EDE96079B9164D6DC /* [CP] Copy Pods Resources */ = {
			isa = PBXShellScriptBuildPhase;
			buildActionMask = 2147483647;
			files = (
			);
			inputFileListPaths = (
				"${PODS_ROOT}/Target Support Files/Pods-HKLayoutDemo/Pods-HKLayoutDemo-resources-${CONFIGURATION}-input-files.xcfilelist",
			);
			name = "[CP] Copy Pods Resources";
			outputFileListPaths = (
				"${PODS_ROOT}/Target Support Files/Pods-HKLayoutDemo/Pods-HKLayoutDemo-resources-${CONFIGURATION}-output-files.xcfilelist",
			);
			runOnlyForDeploymentPostprocessing = 0;
			shellPath = /bin/sh;
			shellScript = "\"${PODS_ROOT}/Target Support Files/Pods-HKLayoutDemo/Pods-HKLayoutDemo-resources.sh\"\n";
			showEnvVarsInLog = 0;
		};
		F2825D97BA4805681FC3D84F /* [CP] Check Pods Manifest.lock */ = {
			isa = PBXShellScriptBuildPhase;
			buildActionMask = 2147483647;
			files = (
			);
			inputFileListPaths = (
			);
			inputPaths = (
				"${PODS_PODFILE_DIR_PATH}/Podfile.lock",
				"${PODS_ROOT}/Manifest.lock",
			);
			name = "[CP] Check Pods Manifest.lock";
			outputFileListPaths = (
			);
			outputPaths = (
				"$(DERIVED_FILE_DIR)/Pods-HKLayoutDemo-checkManifestLockResult.txt",
			);
			runOnlyForDeploymentPostprocessing = 0;
			shellPath = /bin/sh;
			shellScript = "diff \"${PODS_PODFILE_DIR_PATH}/Podfile.lock\" \"${PODS_ROOT}/Manifest.lock\" > /dev/null\nif [ $? != 0 ] ; then\n    # print error to STDERR\n    echo \"error: The sandbox is not in sync with the Podfile.lock. Run 'pod install' or update your CocoaPods installation.\" >&2\n    exit 1\nfi\n# This output is used by Xcode 'outputs' to avoid re-running this script phase.\necho \"SUCCESS\" > \"${SCRIPT_OUTPUT_FILE_0}\"\n";
			showEnvVarsInLog = 0;
		};
/* End PBXShellScriptBuildPhase section */

/* Begin PBXSourcesBuildPhase section */
		2B0FA1212085C8830041FBE2 /* Sources */ = {
			isa = PBXSourcesBuildPhase;
			buildActionMask = 2147483647;
			files = (
				2B0FA1382085C8840041FBE2 /* main.m in Sources */,
				2B86A65F2086ED650040A6F1 /* HKDefineTabBarController.m in Sources */,
				262B8C1A24C8979F001EF1E0 /* HKTestSearchController.m in Sources */,
				262E7564277A15F8008CF8F5 /* HKOCViewController.m in Sources */,
				262E7566277A160C008CF8F5 /* HKSwiftViewController.swift in Sources */,
				2B86A66D2086F1950040A6F1 /* TableViewCell.m in Sources */,
				2B86A66A2086F18B0040A6F1 /* TableView.m in Sources */,
				262B8C1724C895D6001EF1E0 /* UIImage+category.m in Sources */,
				262B8C0B24C89278001EF1E0 /* ResultViewController.m in Sources */,
				54BF5CEF29C7E86400820B8B /* YSCOperation.m in Sources */,
				262B8C1424C89326001EF1E0 /* HKNavigationController.m in Sources */,
				2B86A6532086ECD40040A6F1 /* NormalViewController.m in Sources */,
				2B0FA12A2085C8830041FBE2 /* AppDelegate.m in Sources */,
				2B86A6562086ECE40040A6F1 /* ScrollViewController.m in Sources */,
				2B86A6592086ECED0040A6F1 /* TableViewController.m in Sources */,
				2B86A65C2086ECF60040A6F1 /* CollectionViewController.m in Sources */,
				262E7561277A15D1008CF8F5 /* HKTestSwift.swift in Sources */,
				2B86A6672086EEF00040A6F1 /* ScorllView.m in Sources */,
			);
			runOnlyForDeploymentPostprocessing = 0;
		};
		54E322AE29D057BB00E23DE1 /* Sources */ = {
			isa = PBXSourcesBuildPhase;
			buildActionMask = 2147483647;
			files = (
				54E322B529D057BB00E23DE1 /* HKLayoutDemoTests.m in Sources */,
			);
			runOnlyForDeploymentPostprocessing = 0;
		};
		54E322BB29D057D100E23DE1 /* Sources */ = {
			isa = PBXSourcesBuildPhase;
			buildActionMask = 2147483647;
			files = (
				54E322C429D057D100E23DE1 /* HKLayoutDemoUITestsLaunchTests.m in Sources */,
				54E322C229D057D100E23DE1 /* HKLayoutDemoUITests.m in Sources */,
			);
			runOnlyForDeploymentPostprocessing = 0;
		};
/* End PBXSourcesBuildPhase section */

/* Begin PBXTargetDependency section */
		54E322B729D057BB00E23DE1 /* PBXTargetDependency */ = {
			isa = PBXTargetDependency;
			target = 2B0FA1242085C8830041FBE2 /* HKLayoutDemo */;
			targetProxy = 54E322B629D057BB00E23DE1 /* PBXContainerItemProxy */;
		};
		54E322C629D057D100E23DE1 /* PBXTargetDependency */ = {
			isa = PBXTargetDependency;
			target = 2B0FA1242085C8830041FBE2 /* HKLayoutDemo */;
			targetProxy = 54E322C529D057D100E23DE1 /* PBXContainerItemProxy */;
		};
/* End PBXTargetDependency section */

/* Begin PBXVariantGroup section */
		2B0FA12E2085C8830041FBE2 /* Main.storyboard */ = {
			isa = PBXVariantGroup;
			children = (
				2B0FA12F2085C8830041FBE2 /* Base */,
			);
			name = Main.storyboard;
			sourceTree = "<group>";
		};
		2B0FA1332085C8840041FBE2 /* LaunchScreen.storyboard */ = {
			isa = PBXVariantGroup;
			children = (
				2B0FA1342085C8840041FBE2 /* Base */,
			);
			name = LaunchScreen.storyboard;
			sourceTree = "<group>";
		};
/* End PBXVariantGroup section */

/* Begin XCBuildConfiguration section */
		2B0FA1392085C8840041FBE2 /* Debug */ = {
			isa = XCBuildConfiguration;
			buildSettings = {
				ALWAYS_SEARCH_USER_PATHS = NO;
				CLANG_ANALYZER_NONNULL = YES;
				CLANG_ANALYZER_NUMBER_OBJECT_CONVERSION = YES_AGGRESSIVE;
				CLANG_CXX_LANGUAGE_STANDARD = "gnu++14";
				CLANG_CXX_LIBRARY = "libc++";
				CLANG_ENABLE_MODULES = YES;
				CLANG_ENABLE_OBJC_ARC = YES;
				CLANG_ENABLE_OBJC_WEAK = YES;
				CLANG_WARN_BLOCK_CAPTURE_AUTORELEASING = YES;
				CLANG_WARN_BOOL_CONVERSION = YES;
				CLANG_WARN_COMMA = YES;
				CLANG_WARN_CONSTANT_CONVERSION = YES;
				CLANG_WARN_DEPRECATED_OBJC_IMPLEMENTATIONS = YES;
				CLANG_WARN_DIRECT_OBJC_ISA_USAGE = YES_ERROR;
				CLANG_WARN_DOCUMENTATION_COMMENTS = YES;
				CLANG_WARN_EMPTY_BODY = YES;
				CLANG_WARN_ENUM_CONVERSION = YES;
				CLANG_WARN_INFINITE_RECURSION = YES;
				CLANG_WARN_INT_CONVERSION = YES;
				CLANG_WARN_NON_LITERAL_NULL_CONVERSION = YES;
				CLANG_WARN_OBJC_IMPLICIT_RETAIN_SELF = YES;
				CLANG_WARN_OBJC_LITERAL_CONVERSION = YES;
				CLANG_WARN_OBJC_ROOT_CLASS = YES_ERROR;
				CLANG_WARN_RANGE_LOOP_ANALYSIS = YES;
				CLANG_WARN_STRICT_PROTOTYPES = YES;
				CLANG_WARN_SUSPICIOUS_MOVE = YES;
				CLANG_WARN_UNGUARDED_AVAILABILITY = YES_AGGRESSIVE;
				CLANG_WARN_UNREACHABLE_CODE = YES;
				CLANG_WARN__DUPLICATE_METHOD_MATCH = YES;
				CODE_SIGN_IDENTITY = "iPhone Developer";
				COPY_PHASE_STRIP = NO;
				DEBUG_INFORMATION_FORMAT = dwarf;
				ENABLE_STRICT_OBJC_MSGSEND = YES;
				ENABLE_TESTABILITY = YES;
				GCC_C_LANGUAGE_STANDARD = gnu11;
				GCC_DYNAMIC_NO_PIC = NO;
				GCC_NO_COMMON_BLOCKS = YES;
				GCC_OPTIMIZATION_LEVEL = 0;
				GCC_PREPROCESSOR_DEFINITIONS = (
					"DEBUG=1",
					"$(inherited)",
				);
				GCC_WARN_64_TO_32_BIT_CONVERSION = YES;
				GCC_WARN_ABOUT_RETURN_TYPE = YES_ERROR;
				GCC_WARN_UNDECLARED_SELECTOR = YES;
				GCC_WARN_UNINITIALIZED_AUTOS = YES_AGGRESSIVE;
				GCC_WARN_UNUSED_FUNCTION = YES;
				GCC_WARN_UNUSED_VARIABLE = YES;
				IPHONEOS_DEPLOYMENT_TARGET = 11.3;
				MTL_ENABLE_DEBUG_INFO = YES;
				ONLY_ACTIVE_ARCH = YES;
				SDKROOT = iphoneos;
			};
			name = Debug;
		};
		2B0FA13A2085C8840041FBE2 /* Release */ = {
			isa = XCBuildConfiguration;
			buildSettings = {
				ALWAYS_SEARCH_USER_PATHS = NO;
				CLANG_ANALYZER_NONNULL = YES;
				CLANG_ANALYZER_NUMBER_OBJECT_CONVERSION = YES_AGGRESSIVE;
				CLANG_CXX_LANGUAGE_STANDARD = "gnu++14";
				CLANG_CXX_LIBRARY = "libc++";
				CLANG_ENABLE_MODULES = YES;
				CLANG_ENABLE_OBJC_ARC = YES;
				CLANG_ENABLE_OBJC_WEAK = YES;
				CLANG_WARN_BLOCK_CAPTURE_AUTORELEASING = YES;
				CLANG_WARN_BOOL_CONVERSION = YES;
				CLANG_WARN_COMMA = YES;
				CLANG_WARN_CONSTANT_CONVERSION = YES;
				CLANG_WARN_DEPRECATED_OBJC_IMPLEMENTATIONS = YES;
				CLANG_WARN_DIRECT_OBJC_ISA_USAGE = YES_ERROR;
				CLANG_WARN_DOCUMENTATION_COMMENTS = YES;
				CLANG_WARN_EMPTY_BODY = YES;
				CLANG_WARN_ENUM_CONVERSION = YES;
				CLANG_WARN_INFINITE_RECURSION = YES;
				CLANG_WARN_INT_CONVERSION = YES;
				CLANG_WARN_NON_LITERAL_NULL_CONVERSION = YES;
				CLANG_WARN_OBJC_IMPLICIT_RETAIN_SELF = YES;
				CLANG_WARN_OBJC_LITERAL_CONVERSION = YES;
				CLANG_WARN_OBJC_ROOT_CLASS = YES_ERROR;
				CLANG_WARN_RANGE_LOOP_ANALYSIS = YES;
				CLANG_WARN_STRICT_PROTOTYPES = YES;
				CLANG_WARN_SUSPICIOUS_MOVE = YES;
				CLANG_WARN_UNGUARDED_AVAILABILITY = YES_AGGRESSIVE;
				CLANG_WARN_UNREACHABLE_CODE = YES;
				CLANG_WARN__DUPLICATE_METHOD_MATCH = YES;
				CODE_SIGN_IDENTITY = "iPhone Developer";
				COPY_PHASE_STRIP = NO;
				DEBUG_INFORMATION_FORMAT = "dwarf-with-dsym";
				ENABLE_NS_ASSERTIONS = NO;
				ENABLE_STRICT_OBJC_MSGSEND = YES;
				GCC_C_LANGUAGE_STANDARD = gnu11;
				GCC_NO_COMMON_BLOCKS = YES;
				GCC_WARN_64_TO_32_BIT_CONVERSION = YES;
				GCC_WARN_ABOUT_RETURN_TYPE = YES_ERROR;
				GCC_WARN_UNDECLARED_SELECTOR = YES;
				GCC_WARN_UNINITIALIZED_AUTOS = YES_AGGRESSIVE;
				GCC_WARN_UNUSED_FUNCTION = YES;
				GCC_WARN_UNUSED_VARIABLE = YES;
				IPHONEOS_DEPLOYMENT_TARGET = 11.3;
				MTL_ENABLE_DEBUG_INFO = NO;
				SDKROOT = iphoneos;
				VALIDATE_PRODUCT = YES;
			};
			name = Release;
		};
		2B0FA13C2085C8840041FBE2 /* Debug */ = {
			isa = XCBuildConfiguration;
			baseConfigurationReference = C87248E0996C76D78594594C /* Pods-HKLayoutDemo.debug.xcconfig */;
			buildSettings = {
				ALWAYS_EMBED_SWIFT_STANDARD_LIBRARIES = YES;
				ASSETCATALOG_COMPILER_APPICON_NAME = AppIcon;
				CLANG_ENABLE_MODULES = YES;
				CODE_SIGN_IDENTITY = "iPhone Developer";
				CODE_SIGN_STYLE = Automatic;
				DEVELOPMENT_TEAM = DH6P4GZ73C;
				INFOPLIST_FILE = HKLayoutDemo/Info.plist;
				IPHONEOS_DEPLOYMENT_TARGET = 9.0;
				LD_RUNPATH_SEARCH_PATHS = (
					"$(inherited)",
					"@executable_path/Frameworks",
				);
				PRODUCT_BUNDLE_IDENTIFIER = com.Edward.HKLayoutDemo;
				PRODUCT_NAME = "$(TARGET_NAME)";
				PROVISIONING_PROFILE_SPECIFIER = "";
				SWIFT_OBJC_BRIDGING_HEADER = "HKLayoutDemo/HKLayoutDemo-Bridging-Header.h";
				SWIFT_OPTIMIZATION_LEVEL = "-Onone";
				SWIFT_VERSION = 5.0;
				TARGETED_DEVICE_FAMILY = "1,2";
			};
			name = Debug;
		};
		2B0FA13D2085C8840041FBE2 /* Release */ = {
			isa = XCBuildConfiguration;
			baseConfigurationReference = 8DEFEAFA6B543A9E877376CC /* Pods-HKLayoutDemo.release.xcconfig */;
			buildSettings = {
				ALWAYS_EMBED_SWIFT_STANDARD_LIBRARIES = YES;
				ASSETCATALOG_COMPILER_APPICON_NAME = AppIcon;
				CLANG_ENABLE_MODULES = YES;
				CODE_SIGN_IDENTITY = "iPhone Developer";
				CODE_SIGN_STYLE = Automatic;
				DEVELOPMENT_TEAM = DH6P4GZ73C;
				INFOPLIST_FILE = HKLayoutDemo/Info.plist;
				IPHONEOS_DEPLOYMENT_TARGET = 9.0;
				LD_RUNPATH_SEARCH_PATHS = (
					"$(inherited)",
					"@executable_path/Frameworks",
				);
				PRODUCT_BUNDLE_IDENTIFIER = com.Edward.HKLayoutDemo;
				PRODUCT_NAME = "$(TARGET_NAME)";
				PROVISIONING_PROFILE_SPECIFIER = "";
				SWIFT_OBJC_BRIDGING_HEADER = "HKLayoutDemo/HKLayoutDemo-Bridging-Header.h";
				SWIFT_VERSION = 5.0;
				TARGETED_DEVICE_FAMILY = "1,2";
			};
			name = Release;
		};
		54E322B829D057BB00E23DE1 /* Debug */ = {
			isa = XCBuildConfiguration;
			buildSettings = {
				ALWAYS_EMBED_SWIFT_STANDARD_LIBRARIES = YES;
				BUNDLE_LOADER = "$(TEST_HOST)";
				CLANG_CXX_LANGUAGE_STANDARD = "gnu++20";
				CLANG_WARN_QUOTED_INCLUDE_IN_FRAMEWORK_HEADER = YES;
				CODE_SIGN_STYLE = Automatic;
				CURRENT_PROJECT_VERSION = 1;
				DEVELOPMENT_TEAM = DH6P4GZ73C;
				GENERATE_INFOPLIST_FILE = YES;
				IPHONEOS_DEPLOYMENT_TARGET = 16.2;
				MARKETING_VERSION = 1.0;
				MTL_ENABLE_DEBUG_INFO = INCLUDE_SOURCE;
				MTL_FAST_MATH = YES;
				PRODUCT_BUNDLE_IDENTIFIER = hk.test.com.HKLayoutDemoTests;
				PRODUCT_NAME = "$(TARGET_NAME)";
				SWIFT_EMIT_LOC_STRINGS = NO;
				TARGETED_DEVICE_FAMILY = "1,2";
				TEST_HOST = "$(BUILT_PRODUCTS_DIR)/HKLayoutDemo.app/$(BUNDLE_EXECUTABLE_FOLDER_PATH)/HKLayoutDemo";
			};
			name = Debug;
		};
		54E322B929D057BB00E23DE1 /* Release */ = {
			isa = XCBuildConfiguration;
			buildSettings = {
				ALWAYS_EMBED_SWIFT_STANDARD_LIBRARIES = YES;
				BUNDLE_LOADER = "$(TEST_HOST)";
				CLANG_CXX_LANGUAGE_STANDARD = "gnu++20";
				CLANG_WARN_QUOTED_INCLUDE_IN_FRAMEWORK_HEADER = YES;
				CODE_SIGN_STYLE = Automatic;
				CURRENT_PROJECT_VERSION = 1;
				DEVELOPMENT_TEAM = DH6P4GZ73C;
				GENERATE_INFOPLIST_FILE = YES;
				IPHONEOS_DEPLOYMENT_TARGET = 16.2;
				MARKETING_VERSION = 1.0;
				MTL_FAST_MATH = YES;
				PRODUCT_BUNDLE_IDENTIFIER = hk.test.com.HKLayoutDemoTests;
				PRODUCT_NAME = "$(TARGET_NAME)";
				SWIFT_EMIT_LOC_STRINGS = NO;
				TARGETED_DEVICE_FAMILY = "1,2";
				TEST_HOST = "$(BUILT_PRODUCTS_DIR)/HKLayoutDemo.app/$(BUNDLE_EXECUTABLE_FOLDER_PATH)/HKLayoutDemo";
			};
			name = Release;
		};
		54E322C829D057D100E23DE1 /* Debug */ = {
			isa = XCBuildConfiguration;
			buildSettings = {
				ALWAYS_EMBED_SWIFT_STANDARD_LIBRARIES = YES;
				CLANG_CXX_LANGUAGE_STANDARD = "gnu++20";
				CLANG_WARN_QUOTED_INCLUDE_IN_FRAMEWORK_HEADER = YES;
				CODE_SIGN_STYLE = Automatic;
				CURRENT_PROJECT_VERSION = 1;
				DEVELOPMENT_TEAM = DH6P4GZ73C;
				GENERATE_INFOPLIST_FILE = YES;
				IPHONEOS_DEPLOYMENT_TARGET = 16.2;
				MARKETING_VERSION = 1.0;
				MTL_ENABLE_DEBUG_INFO = INCLUDE_SOURCE;
				MTL_FAST_MATH = YES;
				PRODUCT_BUNDLE_IDENTIFIER = hk.test.com.HKLayoutDemoUITests;
				PRODUCT_NAME = "$(TARGET_NAME)";
				SWIFT_EMIT_LOC_STRINGS = NO;
				TARGETED_DEVICE_FAMILY = "1,2";
				TEST_TARGET_NAME = HKLayoutDemo;
			};
			name = Debug;
		};
		54E322C929D057D100E23DE1 /* Release */ = {
			isa = XCBuildConfiguration;
			buildSettings = {
				ALWAYS_EMBED_SWIFT_STANDARD_LIBRARIES = YES;
				CLANG_CXX_LANGUAGE_STANDARD = "gnu++20";
				CLANG_WARN_QUOTED_INCLUDE_IN_FRAMEWORK_HEADER = YES;
				CODE_SIGN_STYLE = Automatic;
				CURRENT_PROJECT_VERSION = 1;
				DEVELOPMENT_TEAM = DH6P4GZ73C;
				GENERATE_INFOPLIST_FILE = YES;
				IPHONEOS_DEPLOYMENT_TARGET = 16.2;
				MARKETING_VERSION = 1.0;
				MTL_FAST_MATH = YES;
				PRODUCT_BUNDLE_IDENTIFIER = hk.test.com.HKLayoutDemoUITests;
				PRODUCT_NAME = "$(TARGET_NAME)";
				SWIFT_EMIT_LOC_STRINGS = NO;
				TARGETED_DEVICE_FAMILY = "1,2";
				TEST_TARGET_NAME = HKLayoutDemo;
			};
			name = Release;
		};
/* End XCBuildConfiguration section */

/* Begin XCConfigurationList section */
		2B0FA1202085C8830041FBE2 /* Build configuration list for PBXProject "HKLayoutDemo" */ = {
			isa = XCConfigurationList;
			buildConfigurations = (
				2B0FA1392085C8840041FBE2 /* Debug */,
				2B0FA13A2085C8840041FBE2 /* Release */,
			);
			defaultConfigurationIsVisible = 0;
			defaultConfigurationName = Release;
		};
		2B0FA13B2085C8840041FBE2 /* Build configuration list for PBXNativeTarget "HKLayoutDemo" */ = {
			isa = XCConfigurationList;
			buildConfigurations = (
				2B0FA13C2085C8840041FBE2 /* Debug */,
				2B0FA13D2085C8840041FBE2 /* Release */,
			);
			defaultConfigurationIsVisible = 0;
			defaultConfigurationName = Release;
		};
		54E322BA29D057BB00E23DE1 /* Build configuration list for PBXNativeTarget "HKLayoutDemoTests" */ = {
			isa = XCConfigurationList;
			buildConfigurations = (
				54E322B829D057BB00E23DE1 /* Debug */,
				54E322B929D057BB00E23DE1 /* Release */,
			);
			defaultConfigurationIsVisible = 0;
			defaultConfigurationName = Release;
		};
		54E322C729D057D100E23DE1 /* Build configuration list for PBXNativeTarget "HKLayoutDemoUITests" */ = {
			isa = XCConfigurationList;
			buildConfigurations = (
				54E322C829D057D100E23DE1 /* Debug */,
				54E322C929D057D100E23DE1 /* Release */,
			);
			defaultConfigurationIsVisible = 0;
			defaultConfigurationName = Release;
		};
/* End XCConfigurationList section */
	};
	rootObject = 2B0FA11D2085C8830041FBE2 /* Project object */;
}
